# Prisma Migrate lockfile v1

20200815143134-create-user
20200815201109-workout-added
20200816100308-add-worlout-status
20200816114734-change-id-to-string
20200816115401-add-defualt-id--uuid
20200816160843-check-datetime
20200816200106-split-when-to-date-and-time
20200816200731-id-to-int
20200816200827-id-to-int
20200816201101
20200816201206
20200816203358
20200816203924
20200816204104
20200816210344
20200816211523-add-unique-to-workout